<?xml version="1.0" encoding="UTF-8" standalone="yes" ?>
<CodeBlocks_project_file>
	<FileVersion major="1" minor="6" />
	<Project>
		<Option title="Standard" />
		<Option pch_mode="2" />
		<Option compiler="gcc" />
		<Build>
			<Target title="Engine Release Console Win32">
				<Option output="..\obj\Standard\lib\libStandardCon" prefix_auto="1" extension_auto="1" />
				<Option working_dir="" />
				<Option object_output="..\obj\Standard\ReleaseConsole" />
				<Option type="2" />
				<Option compiler="gcc" />
				<Option createDefFile="1" />
				<Compiler>
					<Add option="-O2" />
					<Add option="-W" />
					<Add option="-DUSE_CONSOLE" />
					<Add option="-DNDEBUG" />
					<Add option="-DC4ENGINE" />
					<Add option="-DGLEW_STATIC" />
					<Add option="-DWIN32" />
					<Add option="-D_LIB" />
					<Add option="-DC4MULTIMONITOR" />
					<Add option="-D_CRT_SECURE_NO_WARNINGS" />
					<Add directory=".\inc" />
					<Add directory="..\deps\include" />
				</Compiler>
				<ResourceCompiler>
					<Add directory=".\inc" />
					<Add directory="..\deps\include" />
				</ResourceCompiler>
			</Target>
			<Target title="Engine Debug Console Win32">
				<Option output="..\obj\Standard\lib\libStandardDCon" prefix_auto="1" extension_auto="1" />
				<Option working_dir="" />
				<Option object_output="..\obj\Standard\DebugConsole" />
				<Option type="2" />
				<Option compiler="gcc" />
				<Option createDefFile="1" />
				<Compiler>
					<Add option="-W" />
					<Add option="-g" />
					<Add option="-O0" />
					<Add option="-DUSE_CONSOLE" />
					<Add option="-D_DEBUG" />
					<Add option="-DC4ENGINE" />
					<Add option="-D_WINDOWS" />
					<Add option="-DGLEW_STATIC" />
					<Add option="-DWIN32" />
					<Add option="-D_LIB" />
					<Add option="-DC4MULTIMONITOR" />
					<Add option="-D_CRT_SECURE_NO_WARNINGS" />
					<Add directory=".\inc" />
					<Add directory="..\deps\include" />
				</Compiler>
				<ResourceCompiler>
					<Add directory=".\inc" />
					<Add directory="..\deps\include" />
				</ResourceCompiler>
			</Target>
			<Target title="Engine Release Win32">
				<Option output="..\obj\Standard\lib\libStandard" prefix_auto="1" extension_auto="1" />
				<Option working_dir="" />
				<Option object_output="..\obj\Standard\Release" />
				<Option type="2" />
				<Option compiler="gcc" />
				<Option createDefFile="1" />
				<Compiler>
					<Add option="-O2" />
					<Add option="-W" />
					<Add option="-DNDEBUG" />
					<Add option="-DC4ENGINE" />
					<Add option="-DUSE_DIRECTX_OFF" />
					<Add option="-DUSE_GL" />
					<Add option="-DGLEW_STATIC" />
					<Add option="-DWIN32" />
					<Add option="-D_LIB" />
					<Add option="-DC4MULTIMONITOR" />
					<Add option="-D_CRT_SECURE_NO_WARNINGS" />
					<Add directory=".\inc" />
					<Add directory="..\deps\include" />
				</Compiler>
				<ResourceCompiler>
					<Add directory=".\inc" />
					<Add directory="..\deps\include" />
				</ResourceCompiler>
			</Target>
			<Target title="Engine Debug Win32">
				<Option output="..\obj\Standard\lib\libStandardD" prefix_auto="1" extension_auto="1" />
				<Option working_dir="" />
				<Option object_output="..\obj\Standard\Debug" />
				<Option type="2" />
				<Option compiler="gcc" />
				<Option createDefFile="1" />
				<Compiler>
					<Add option="-W" />
					<Add option="-g" />
					<Add option="-O0" />
					<Add option="-D_DEBUG" />
					<Add option="-DC4ENGINE" />
					<Add option="-D_WINDOWS" />
					<Add option="-DUSE_GL" />
					<Add option="-DUSE_DIRECTX_OFF" />
					<Add option="-DGLEW_STATIC" />
					<Add option="-DWIN32" />
					<Add option="-D_LIB" />
					<Add option="-DC4MULTIMONITOR" />
					<Add option="-D_CRT_SECURE_NO_WARNINGS" />
					<Add directory=".\inc" />
					<Add directory="..\deps\include" />
				</Compiler>
				<ResourceCompiler>
					<Add directory=".\inc" />
					<Add directory="..\deps\include" />
				</ResourceCompiler>
			</Target>
			<Target title="Engine Release (Debug) Win32">
				<Option output="..\obj\Standard\lib\libStandard" prefix_auto="1" extension_auto="1" />
				<Option working_dir="" />
				<Option object_output="..\obj\Standard\ExtremeDebug" />
				<Option type="2" />
				<Option compiler="gcc" />
				<Option createDefFile="1" />
				<Compiler>
					<Add option="-O2" />
					<Add option="-W" />
					<Add option="-DNDEBUG" />
					<Add option="-DC4ENGINE" />
					<Add option="-DUSE_DIRECTX_OFF" />
					<Add option="-DUSE_GL" />
					<Add option="-DGLEW_STATIC" />
					<Add option="-DWIN32" />
					<Add option="-D_LIB" />
					<Add option="-DC4MULTIMONITOR" />
					<Add option="-D_CRT_SECURE_NO_WARNINGS" />
					<Add directory=".\inc" />
					<Add directory="..\deps\include" />
				</Compiler>
				<ResourceCompiler>
					<Add directory=".\inc" />
					<Add directory="..\deps\include" />
				</ResourceCompiler>
				<Linker>
					<Add option="-s" />
				</Linker>
			</Target>
			<Target title="c4group Debug Win32">
				<Option output="..\obj\Standard\lib\libStandardD" prefix_auto="1" extension_auto="1" />
				<Option working_dir="" />
				<Option object_output="..\obj\c4group Debug Win32" />
				<Option type="2" />
				<Option compiler="gcc" />
				<Option createDefFile="1" />
				<Compiler>
					<Add option="-W" />
					<Add option="-g" />
					<Add option="-O0" />
					<Add option="-D_DEBUG" />
					<Add option="-DC4ENGINE" />
					<Add option="-D_WINDOWS" />
					<Add option="-DUSE_GL" />
					<Add option="-DUSE_DIRECTX_OFF" />
					<Add option="-DGLEW_STATIC" />
					<Add option="-DWIN32" />
					<Add option="-D_LIB" />
					<Add option="-DC4MULTIMONITOR" />
					<Add option="-D_CRT_SECURE_NO_WARNINGS" />
					<Add directory=".\inc" />
					<Add directory="..\deps\include" />
				</Compiler>
				<ResourceCompiler>
					<Add directory=".\inc" />
					<Add directory="..\deps\include" />
				</ResourceCompiler>
			</Target>
			<Target title="c4group Release Win32">
				<Option output="..\obj\Standard\lib\libStandard" prefix_auto="1" extension_auto="1" />
				<Option working_dir="" />
				<Option object_output="..\obj\c4group Release Win32" />
				<Option type="2" />
				<Option compiler="gcc" />
				<Option createDefFile="1" />
				<Compiler>
					<Add option="-O2" />
					<Add option="-W" />
					<Add option="-DNDEBUG" />
					<Add option="-DC4ENGINE" />
					<Add option="-DUSE_DIRECTX_OFF" />
					<Add option="-DUSE_GL" />
					<Add option="-DGLEW_STATIC" />
					<Add option="-DWIN32" />
					<Add option="-D_LIB" />
					<Add option="-DC4MULTIMONITOR" />
					<Add option="-D_CRT_SECURE_NO_WARNINGS" />
					<Add directory=".\inc" />
					<Add directory="..\deps\include" />
				</Compiler>
				<ResourceCompiler>
					<Add directory=".\inc" />
					<Add directory="..\deps\include" />
				</ResourceCompiler>
			</Target>
		</Build>
		<Compiler>
			<Add option="-DHAVE_STDINT_H" />
		</Compiler>
		<Linker>
			<Add option="-lfreetype" />
			<Add option="-lvfw32" />
			<Add option="-lws2_32" />
			<Add option="-lwinmm" />
			<Add option="-lcomdlg32" />
			<Add option="-lgdi32" />
			<Add option="-lglew32" />
			<Add option="-lglu32" />
			<Add option="-lopengl32" />
			<Add option="-lz" />
			<Add option="-lpng" />
			<Add option="-ljpeg" />
			<Add option="-lcrypto" />
		</Linker>
		<Unit filename="inc\Bitmap256.h" />
		<Unit filename="inc\CStdFile.h" />
		<Unit filename="inc\DInputX.h" />
		<Unit filename="inc\DSoundX.h" />
		<Unit filename="inc\Fixed.h" />
		<Unit filename="inc\Midi.h" />
		<Unit filename="inc\PathFinder.h" />
		<Unit filename="inc\Standard.h" />
		<Unit filename="inc\StdAdaptors.h" />
		<Unit filename="inc\StdBase64.h" />
		<Unit filename="inc\StdBuf.h" />
		<Unit filename="inc\StdColors.h" />
		<Unit filename="inc\StdCompiler.h" />
		<Unit filename="inc\StdConfig.h" />
		<Unit filename="inc\StdD3D.h" />
		<Unit filename="inc\StdD3DShader.h" />
		<Unit filename="inc\StdDDraw2.h" />
		<Unit filename="inc\StdFacet.h" />
		<Unit filename="inc\StdFile.h" />
		<Unit filename="inc\StdFont.h" />
		<Unit filename="inc\StdGL.h" />
		<Unit filename="inc\StdJoystick.h" />
		<Unit filename="inc\StdMarkup.h" />
		<Unit filename="inc\StdNoGfx.h" />
		<Unit filename="inc\StdPNG.h" />
		<Unit filename="inc\StdRandom.h" />
		<Unit filename="inc\StdRegistry.h" />
		<Unit filename="inc\StdResStr.h" />
		<Unit filename="inc\StdResStr2.h" />
		<Unit filename="inc\StdScheduler.h" />
		<Unit filename="inc\StdSurface2.h" />
		<Unit filename="inc\StdSurface8.h" />
		<Unit filename="inc\StdSync.h" />
		<Unit filename="inc\StdVideo.h" />
		<Unit filename="inc\StdWindow.h" />
		<Unit filename="src\Bitmap256.cpp" />
		<Unit filename="src\CStdFile.cpp" />
		<Unit filename="src\DInputX.cpp" />
		<Unit filename="src\DSoundX.cpp" />
		<Unit filename="src\Fixed.cpp" />
		<Unit filename="src\Midi.cpp" />
		<Unit filename="src\OpenURL.cpp" />
		<Unit filename="src\PathFinder.cpp" />
		<Unit filename="src\Standard.cpp" />
		<Unit filename="src\StdBase64.cpp" />
		<Unit filename="src\StdBuf.cpp" />
		<Unit filename="src\StdCompiler.cpp" />
		<Unit filename="src\StdConfig.cpp" />
		<Unit filename="src\StdD3D.cpp" />
		<Unit filename="src\StdD3DShader.cpp" />
		<Unit filename="src\StdDDraw2.cpp" />
		<Unit filename="src\StdFile.cpp" />
		<Unit filename="src\StdFont.cpp" />
		<Unit filename="src\StdGL.cpp" />
		<Unit filename="src\StdGLCtx.cpp" />
		<Unit filename="src\StdJoystick.cpp" />
		<Unit filename="src\StdMarkup.cpp" />
		<Unit filename="src\StdNoGfx.cpp" />
		<Unit filename="src\StdPNG.cpp" />
		<Unit filename="src\StdRegistry.cpp" />
		<Unit filename="src\StdResStr2.cpp" />
		<Unit filename="src\StdScheduler.cpp" />
		<Unit filename="src\StdSurface2.cpp" />
		<Unit filename="src\StdSurface8.cpp" />
		<Unit filename="src\StdVideo.cpp" />
		<Unit filename="src\StdWindow.cpp" />
		<Unit filename="zlib\gzio.c">
			<Option compilerVar="CC" />
		</Unit>
		<Extensions>
			<code_completion />
			<debugger />
		</Extensions>
	</Project>
</CodeBlocks_project_file>
