<?xml version="1.0" encoding="UTF-8" standalone="yes" ?>
<CodeBlocks_project_file>
	<FileVersion major="1" minor="6" />
	<Project>
		<Option title="engine" />
		<Option pch_mode="2" />
		<Option compiler="gcc" />
		<Option show_notes="1">
			<notes>
				<![CDATA[How-To:
1. Install Guenther's mingw-lib package.
	(http://forum.openclonk.org/topic_show.pl?pid=1522#pid1522)

1.2. Go to "Settings -> Compiler and debugger..". Go to the "Search directories" tab and select 	"Compiler". Add "your/path/to/CodeBlocks/MinGW/include/freetype2" there.
	For example: C:/CodeBlocks/MinGW/include/freetype2

2. Install fmod.
	(http://forum.openclonk.org/topic_show.pl?pid=1405#pid1405)

3. Select your "Build target" in the drop-down-box above.
	(I recommend "Engine Release Win32")

4. Click "Build".

5. The Clonk.exe will compile directly into your planet subfolder.

(6. Don't forget to put the .dlls from the installed packages into the planet folder.)

Q&A:

Q: I get a lot of linker errors and missing headers and stuff?
A: You have to install Guenther's mingw-lib package: http://forum.openclonk.org/topic_show.pl?pid=1522#pid1522

Q: I want DirectX??
A: If you want DirectX and have the SDK installed (read http://forum.openclonk.org/topic_show.pl?pid=1405#pid1405 ), just add d3dx9 and d3d9 to the general
linker parameters of engine (Project->Build Options->Select "engine"; switch to tab "Linker Options" and add those lines to the left window)
Additionally change USE_DIRECTX_OFF to USE_DIRECTX in the "Compiler Options"- tab->#defines after you selected the build target you want to build.

Q: The project complains about some fmod stuff.
A: Read http://forum.openclonk.org/topic_show.pl?pid=1405#pid1405 and install (aka unpack to right directory)  the fmod package (aka libraries and header).]]>
			</notes>
		</Option>
		<Build>
			<Target title="Engine Debug Win32">
				<Option output="..\planet\ClonkD" prefix_auto="1" extension_auto="1" />
				<Option object_output="..\obj\Engine\Debug" />
				<Option type="0" />
				<Option compiler="gcc" />
				<Option projectLinkerOptionsRelation="2" />
				<Compiler>
					<Add option="-W" />
					<Add option="-g" />
					<Add option="-O0" />
					<Add option="-DBIG_C4INCLUDE" />
					<Add option="-DUSE_FMOD_OFF" />
					<Add option="-D_DEBUG" />
					<Add option="-DC4ENGINE" />
					<Add option="-D_WINDOWS" />
					<Add option="-DUSE_GL" />
					<Add option="-DUSE_DIRECTX_OFF" />
					<Add option="-DWIN32" />
					<Add option="-DC4MULTIMONITOR" />
					<Add directory=".\inc" />
					<Add directory=".\sec" />
					<Add directory="..\standard\inc" />
					<Add directory="..\deps\include" />
				</Compiler>
				<ResourceCompiler>
					<Add directory=".\inc" />
					<Add directory=".\sec" />
					<Add directory="..\standard\inc" />
					<Add directory="..\deps\include" />
				</ResourceCompiler>
				<Linker>
					<Add library="..\obj\Standard\lib\libStandardD.a" />
					<Add directory="..\deps\lib" />
				</Linker>
			</Target>
			<Target title="Engine Release Win32">
				<Option output="..\planet\Clonk" prefix_auto="1" extension_auto="1" />
				<Option object_output="..\obj\Engine\Release" />
				<Option type="0" />
				<Option compiler="gcc" />
				<Option projectLinkerOptionsRelation="2" />
				<Compiler>
					<Add option="-O3" />
					<Add option="-W" />
					<Add option="-D_WINDOWS" />
					<Add option="-DUSE_FMOD" />
					<Add option="-DBIG_C4INCLUDE" />
					<Add option="-DNDEBUG" />
					<Add option="-DC4ENGINE" />
					<Add option="-DUSE_DIRECTX_OFF" />
					<Add option="-DUSE_GL" />
					<Add option="-DWIN32" />
					<Add option="-DC4MULTIMONITOR" />
					<Add option="-DGLEW_STATIC" />
					<Add directory=".\inc" />
					<Add directory=".\sec" />
					<Add directory="..\standard\inc" />
					<Add directory="..\deps\include" />
				</Compiler>
				<ResourceCompiler>
					<Add directory=".\inc" />
					<Add directory=".\sec" />
					<Add directory="..\standard\inc" />
					<Add directory="..\deps\include" />
				</ResourceCompiler>
				<Linker>
					<Add option="-s" />
					<Add library="..\obj\Standard\lib\libStandard.a" />
					<Add directory="..\deps\lib" />
				</Linker>
			</Target>
			<Target title="Engine Release (Debug) Win32">
				<Option output="..\planet\Clonk" prefix_auto="1" extension_auto="1" />
				<Option object_output="..\obj\Engine\ReleaseDebug" />
				<Option type="0" />
				<Option compiler="gcc" />
				<Option projectLinkerOptionsRelation="2" />
				<Compiler>
					<Add option="-O3" />
					<Add option="-W" />
					<Add option="-D_WINDOWS" />
					<Add option="-DUSE_FMOD" />
					<Add option="-DBIG_C4INCLUDE" />
					<Add option="-DNDEBUG" />
					<Add option="-DC4ENGINE" />
					<Add option="-DUSE_DIRECTX_OFF" />
					<Add option="-DUSE_GL" />
					<Add option="-DWIN32" />
					<Add option="-DC4MULTIMONITOR" />
					<Add option="-DGLEW_STATIC" />
					<Add directory=".\inc" />
					<Add directory=".\sec" />
					<Add directory="..\standard\inc" />
					<Add directory="..\deps\include" />
				</Compiler>
				<ResourceCompiler>
					<Add directory=".\inc" />
					<Add directory=".\sec" />
					<Add directory="..\standard\inc" />
					<Add directory="..\deps\include" />
				</ResourceCompiler>
				<Linker>
					<Add option="-s" />
					<Add library="..\obj\Standard\lib\libStandard.a" />
					<Add directory="..\deps\lib" />
				</Linker>
			</Target>
			<Target title="Engine Release Console Win32">
				<Option output="..\planet\Clonk" prefix_auto="1" extension_auto="1" />
				<Option object_output="..\obj\Engine\ReleaseConsole" />
				<Option type="1" />
				<Option compiler="gcc" />
				<Option projectLinkerOptionsRelation="2" />
				<Compiler>
					<Add option="-O3" />
					<Add option="-W" />
					<Add option="-DUSE_CONSOLE" />
					<Add option="-D_WINDOWS" />
					<Add option="-DBIG_C4INCLUDE" />
					<Add option="-DNDEBUG" />
					<Add option="-DC4ENGINE" />
					<Add option="-DWIN32" />
					<Add directory=".\inc" />
					<Add directory=".\sec" />
					<Add directory="..\standard\inc" />
					<Add directory="..\deps\include" />
				</Compiler>
				<ResourceCompiler>
					<Add directory=".\inc" />
					<Add directory=".\sec" />
					<Add directory="..\standard\inc" />
					<Add directory="..\deps\include" />
				</ResourceCompiler>
				<Linker>
					<Add option="-s" />
					<Add library="..\obj\Standard\lib\libStandardCon.a" />
					<Add directory="..\deps\lib" />
				</Linker>
			</Target>
			<Target title="Engine Debug Console Win32">
				<Option output="..\planet\ClonkD" prefix_auto="1" extension_auto="1" />
				<Option object_output="..\obj\Engine\DebugConsole" />
				<Option type="1" />
				<Option compiler="gcc" />
				<Option projectLinkerOptionsRelation="2" />
				<Compiler>
					<Add option="-W" />
					<Add option="-g" />
					<Add option="-O0" />
					<Add option="-DUSE_CONSOLE" />
					<Add option="-DBIG_C4INCLUDE" />
					<Add option="-D_DEBUG" />
					<Add option="-DC4ENGINE" />
					<Add option="-D_WINDOWS" />
					<Add option="-DWIN32" />
					<Add directory=".\inc" />
					<Add directory=".\sec" />
					<Add directory="..\standard\inc" />
					<Add directory="..\deps\include" />
				</Compiler>
				<ResourceCompiler>
					<Add directory=".\inc" />
					<Add directory=".\sec" />
					<Add directory="..\standard\inc" />
					<Add directory="..\deps\include" />
				</ResourceCompiler>
				<Linker>
					<Add library="..\obj\Standard\lib\libStandardDCon.a" />
					<Add directory="..\deps\lib" />
				</Linker>
			</Target>
		</Build>
		<Compiler>
			<Add option="-DHAVE_STDINT_H" />
			<Add directory="sec" />
			<Add directory="inc" />
			<Add directory="..\standard\inc" />
		</Compiler>
		<Linker>
			<Add option="-mwindows" />
			<Add option="-lws2_32" />
			<Add option="-lcomdlg32" />
			<Add option="-lgdi32" />
			<Add option="-ljpeg" />
			<Add option="-lcrypto" />
			<Add option="-enable-auto-import" />
			<Add library="fmodvc" />
			<Add library="winmm" />
			<Add library="glew32" />
			<Add library="glu32" />
			<Add library="freetype" />
			<Add library="opengl32" />
			<Add library="vfw32" />
			<Add library="z" />
			<Add library="png" />
			<Add library="png12" />
			<Add directory="..\planet" />
		</Linker>
		<Unit filename="inc\C4AList.h" />
		<Unit filename="inc\C4Application.h" />
		<Unit filename="inc\C4Aul.h" />
		<Unit filename="inc\C4ChatDlg.h" />
		<Unit filename="inc\C4Client.h" />
		<Unit filename="inc\C4Command.h" />
		<Unit filename="inc\C4ComponentHost.h" />
		<Unit filename="inc\C4Components.h" />
		<Unit filename="inc\C4Config.h" />
		<Unit filename="inc\C4Console.h" />
		<Unit filename="inc\C4Constants.h" />
		<Unit filename="inc\C4Control.h" />
		<Unit filename="inc\C4Def.h" />
		<Unit filename="inc\C4DefGraphics.h" />
		<Unit filename="inc\C4DownloadDlg.h" />
		<Unit filename="inc\C4EditCursor.h" />
		<Unit filename="inc\C4Effects.h" />
		<Unit filename="inc\C4Extra.h" />
		<Unit filename="inc\C4Facet.h" />
		<Unit filename="inc\C4FacetEx.h" />
		<Unit filename="inc\C4FileClasses.h" />
		<Unit filename="inc\C4FileSelDlg.h" />
		<Unit filename="inc\C4FindObject.h" />
		<Unit filename="inc\C4Folder.h" />
		<Unit filename="inc\C4Fonts.h" />
		<Unit filename="inc\C4FullScreen.h" />
		<Unit filename="inc\C4Game.h" />
		<Unit filename="inc\C4GameControl.h" />
		<Unit filename="inc\C4GameControlNetwork.h" />
		<Unit filename="inc\C4GameDialogs.h" />
		<Unit filename="inc\C4GameLobby.h" />
		<Unit filename="inc\C4GameMessage.h" />
		<Unit filename="inc\C4GameObjects.h" />
		<Unit filename="inc\C4GameOptions.h" />
		<Unit filename="inc\C4GameOverDlg.h" />
		<Unit filename="inc\C4GamePadCon.h" />
		<Unit filename="inc\C4GameParameters.h" />
		<Unit filename="inc\C4GameSave.h" />
		<Unit filename="inc\C4GameVersion.h" />
		<Unit filename="inc\C4GraphicsResource.h" />
		<Unit filename="inc\C4GraphicsSystem.h" />
		<Unit filename="inc\C4Group.h" />
		<Unit filename="inc\C4GroupSet.h" />
		<Unit filename="inc\C4Gui.h" />
		<Unit filename="inc\C4IDList.h" />
		<Unit filename="inc\C4Id.h" />
		<Unit filename="inc\C4Include.h" />
		<Unit filename="inc\C4InfoCore.h" />
		<Unit filename="inc\C4InputValidation.h" />
		<Unit filename="inc\C4InteractiveThread.h" />
		<Unit filename="inc\C4KeyboardInput.h" />
		<Unit filename="inc\C4Landscape.h" />
		<Unit filename="inc\C4LangStringTable.h" />
		<Unit filename="inc\C4Language.h" />
		<Unit filename="inc\C4League.h" />
		<Unit filename="inc\C4LoaderScreen.h" />
		<Unit filename="inc\C4Log.h" />
		<Unit filename="inc\C4LogBuf.h" />
		<Unit filename="inc\C4MainMenu.h" />
		<Unit filename="inc\C4Map.h" />
		<Unit filename="inc\C4MapCreatorS2.h" />
		<Unit filename="inc\C4MassMover.h" />
		<Unit filename="inc\C4Material.h" />
		<Unit filename="inc\C4MaterialList.h" />
		<Unit filename="inc\C4Menu.h" />
		<Unit filename="inc\C4MessageBoard.h" />
		<Unit filename="inc\C4MessageInput.h" />
		<Unit filename="inc\C4MouseControl.h" />
		<Unit filename="inc\C4MusicFile.h" />
		<Unit filename="inc\C4MusicSystem.h" />
		<Unit filename="inc\C4NameList.h" />
		<Unit filename="inc\C4NetIO.h" />
		<Unit filename="inc\C4Network2.h" />
		<Unit filename="inc\C4Network2Client.h" />
		<Unit filename="inc\C4Network2Dialogs.h" />
		<Unit filename="inc\C4Network2Discover.h" />
		<Unit filename="inc\C4Network2IO.h" />
		<Unit filename="inc\C4Network2IRC.h" />
		<Unit filename="inc\C4Network2Players.h" />
		<Unit filename="inc\C4Network2Reference.h" />
		<Unit filename="inc\C4Network2Res.h" />
		<Unit filename="inc\C4Network2Stats.h" />
		<Unit filename="inc\C4Object.h" />
		<Unit filename="inc\C4ObjectCom.h" />
		<Unit filename="inc\C4ObjectInfo.h" />
		<Unit filename="inc\C4ObjectInfoList.h" />
		<Unit filename="inc\C4ObjectList.h" />
		<Unit filename="inc\C4ObjectListDlg.h" />
		<Unit filename="inc\C4ObjectMenu.h" />
		<Unit filename="inc\C4PXS.h" />
		<Unit filename="inc\C4PacketBase.h" />
		<Unit filename="inc\C4Particles.h" />
		<Unit filename="inc\C4PathFinder.h" />
		<Unit filename="inc\C4Physics.h" />
		<Unit filename="inc\C4Player.h" />
		<Unit filename="inc\C4PlayerInfo.h" />
		<Unit filename="inc\C4PlayerInfoListBox.h" />
		<Unit filename="inc\C4PlayerList.h" />
		<Unit filename="inc\C4PropertyDlg.h" />
		<Unit filename="inc\C4Prototypes.h" />
		<Unit filename="inc\C4RTF.H" />
		<Unit filename="inc\C4Random.h" />
		<Unit filename="inc\C4RankSystem.h" />
		<Unit filename="inc\C4Record.h" />
		<Unit filename="inc\C4Region.h" />
		<Unit filename="inc\C4RoundResults.h" />
		<Unit filename="inc\C4Scenario.h" />
		<Unit filename="inc\C4Scoreboard.h" />
		<Unit filename="inc\C4Script.h" />
		<Unit filename="inc\C4ScriptHost.h" />
		<Unit filename="inc\C4Sector.h" />
		<Unit filename="inc\C4Shape.h" />
		<Unit filename="inc\C4Sky.h" />
		<Unit filename="inc\C4SolidMask.h" />
		<Unit filename="inc\C4SoundSystem.h" />
		<Unit filename="inc\C4Startup.h" />
		<Unit filename="inc\C4StartupAboutDlg.h" />
		<Unit filename="inc\C4StartupMainDlg.h" />
		<Unit filename="inc\C4StartupNetDlg.h" />
		<Unit filename="inc\C4StartupOptionsDlg.h" />
		<Unit filename="inc\C4StartupPlrSelDlg.h" />
		<Unit filename="inc\C4StartupScenSelDlg.h" />
		<Unit filename="inc\C4Stat.h" />
		<Unit filename="inc\C4StringTable.h" />
		<Unit filename="inc\C4Surface.h" />
		<Unit filename="inc\C4SurfaceFile.h" />
		<Unit filename="inc\C4Teams.h" />
		<Unit filename="inc\C4Texture.h" />
		<Unit filename="inc\C4ToolsDlg.h" />
		<Unit filename="inc\C4TransferZone.h" />
		<Unit filename="inc\C4UpdateDlg.h" />
		<Unit filename="inc\C4UpperBoard.h" />
		<Unit filename="inc\C4UserMessages.h" />
		<Unit filename="inc\C4Value.h" />
		<Unit filename="inc\C4ValueList.h" />
		<Unit filename="inc\C4ValueMap.h" />
		<Unit filename="inc\C4Version.h" />
		<Unit filename="inc\C4Video.h" />
		<Unit filename="inc\C4VideoPlayback.h" />
		<Unit filename="inc\C4Viewport.h" />
		<Unit filename="inc\C4Weather.h" />
		<Unit filename="inc\C4Wrappers.h" />
		<Unit filename="res\Brush.bmp" />
		<Unit filename="res\Brush2.bmp" />
		<Unit filename="res\Cursor.bmp" />
		<Unit filename="res\Cursor2.bmp" />
		<Unit filename="res\Fill.bmp" />
		<Unit filename="res\Halt.bmp" />
		<Unit filename="res\Halt2.bmp" />
		<Unit filename="res\IFT.bmp" />
		<Unit filename="res\Line.bmp" />
		<Unit filename="res\NoIFT.bmp" />
		<Unit filename="res\Play.bmp" />
		<Unit filename="res\Play2.bmp" />
		<Unit filename="res\Rectangle.bmp" />
		<Unit filename="res\brush1.bmp" />
		<Unit filename="res\c4b.ico" />
		<Unit filename="res\c4d.ico" />
		<Unit filename="res\c4f.ico" />
		<Unit filename="res\c4g.ico" />
		<Unit filename="res\c4i.ico" />
		<Unit filename="res\c4k.ico" />
		<Unit filename="res\c4l.ico" />
		<Unit filename="res\c4m.ico" />
		<Unit filename="res\c4p.ico" />
		<Unit filename="res\c4s.ico" />
		<Unit filename="res\c4u.ico" />
		<Unit filename="res\c4v.ico" />
		<Unit filename="res\c4x.ico" />
		<Unit filename="res\cp.ico" />
		<Unit filename="res\cr.ico" />
		<Unit filename="res\dynamic1.bmp" />
		<Unit filename="res\engine.rc">
			<Option compilerVar="WINDRES" />
		</Unit>
		<Unit filename="res\fill1.bmp" />
		<Unit filename="res\ift1.bmp" />
		<Unit filename="res\line1.bmp" />
		<Unit filename="res\mouse.bmp" />
		<Unit filename="res\mouse1.bmp" />
		<Unit filename="res\picker1.bmp" />
		<Unit filename="res\rect1.bmp" />
		<Unit filename="res\static1.bmp" />
		<Unit filename="sec\C4ConfigShareware.cpp" />
		<Unit filename="sec\C4ConfigShareware.h" />
		<Unit filename="sec\C4SecurityCertificates.cpp" />
		<Unit filename="src\C4AList.cpp" />
		<Unit filename="src\C4Action.cpp" />
		<Unit filename="src\C4Application.cpp" />
		<Unit filename="src\C4Aul.cpp" />
		<Unit filename="src\C4AulExec.cpp" />
		<Unit filename="src\C4AulLink.cpp" />
		<Unit filename="src\C4AulParse.cpp" />
		<Unit filename="src\C4ChatDlg.cpp" />
		<Unit filename="src\C4Client.cpp" />
		<Unit filename="src\C4Command.cpp" />
		<Unit filename="src\C4ComponentHost.cpp" />
		<Unit filename="src\C4Config.cpp" />
		<Unit filename="src\C4Console.cpp" />
		<Unit filename="src\C4Control.cpp" />
		<Unit filename="src\C4Def.cpp" />
		<Unit filename="src\C4DefGraphics.cpp" />
		<Unit filename="src\C4DownloadDlg.cpp" />
		<Unit filename="src\C4EditCursor.cpp" />
		<Unit filename="src\C4Effect.cpp" />
		<Unit filename="src\C4Extra.cpp" />
		<Unit filename="src\C4Facet.cpp" />
		<Unit filename="src\C4FacetEx.cpp" />
		<Unit filename="src\C4FileClasses.cpp" />
		<Unit filename="src\C4FileMonitor.cpp" />
		<Unit filename="src\C4FileSelDlg.cpp" />
		<Unit filename="src\C4FindObject.cpp" />
		<Unit filename="src\C4Folder.cpp" />
		<Unit filename="src\C4Fonts.cpp" />
		<Unit filename="src\C4FullScreen.cpp" />
		<Unit filename="src\C4Game.cpp" />
		<Unit filename="src\C4GameControl.cpp" />
		<Unit filename="src\C4GameControlNetwork.cpp" />
		<Unit filename="src\C4GameDialogs.cpp" />
		<Unit filename="src\C4GameLobby.cpp" />
		<Unit filename="src\C4GameMessage.cpp" />
		<Unit filename="src\C4GameObjects.cpp" />
		<Unit filename="src\C4GameOptions.cpp" />
		<Unit filename="src\C4GameOverDlg.cpp" />
		<Unit filename="src\C4GamePadCon.cpp" />
		<Unit filename="src\C4GameParameters.cpp" />
		<Unit filename="src\C4GameSave.cpp" />
		<Unit filename="src\C4GraphicsResource.cpp" />
		<Unit filename="src\C4GraphicsSystem.cpp" />
		<Unit filename="src\C4Group.cpp" />
		<Unit filename="src\C4GroupSet.cpp" />
		<Unit filename="src\C4Gui.cpp" />
		<Unit filename="src\C4GuiButton.cpp" />
		<Unit filename="src\C4GuiCheckBox.cpp" />
		<Unit filename="src\C4GuiComboBox.cpp" />
		<Unit filename="src\C4GuiContainers.cpp" />
		<Unit filename="src\C4GuiDialogs.cpp" />
		<Unit filename="src\C4GuiEdit.cpp" />
		<Unit filename="src\C4GuiLabels.cpp" />
		<Unit filename="src\C4GuiListBox.cpp" />
		<Unit filename="src\C4GuiMenu.cpp" />
		<Unit filename="src\C4GuiTabular.cpp" />
		<Unit filename="src\C4IDList.cpp" />
		<Unit filename="src\C4Id.cpp" />
		<Unit filename="src\C4Include.cpp" />
		<Unit filename="src\C4InfoCore.cpp" />
		<Unit filename="src\C4InputValidation.cpp" />
		<Unit filename="src\C4InteractiveThread.cpp" />
		<Unit filename="src\C4KeyboardInput.cpp" />
		<Unit filename="src\C4Landscape.cpp" />
		<Unit filename="src\C4LangStringTable.cpp" />
		<Unit filename="src\C4Language.cpp" />
		<Unit filename="src\C4League.cpp" />
		<Unit filename="src\C4LoaderScreen.cpp" />
		<Unit filename="src\C4Log.cpp" />
		<Unit filename="src\C4LogBuf.cpp" />
		<Unit filename="src\C4MainMenu.cpp" />
		<Unit filename="src\C4Map.cpp" />
		<Unit filename="src\C4MapCreatorS2.cpp" />
		<Unit filename="src\C4MassMover.cpp" />
		<Unit filename="src\C4Material.cpp" />
		<Unit filename="src\C4MaterialList.cpp" />
		<Unit filename="src\C4Menu.cpp" />
		<Unit filename="src\C4MessageBoard.cpp" />
		<Unit filename="src\C4MessageInput.cpp" />
		<Unit filename="src\C4MouseControl.cpp" />
		<Unit filename="src\C4Movement.cpp" />
		<Unit filename="src\C4MusicFile.cpp" />
		<Unit filename="src\C4MusicSystem.cpp" />
		<Unit filename="src\C4NameList.cpp" />
		<Unit filename="src\C4NetIO.cpp" />
		<Unit filename="src\C4Network2.cpp" />
		<Unit filename="src\C4Network2Client.cpp" />
		<Unit filename="src\C4Network2Dialogs.cpp" />
		<Unit filename="src\C4Network2Discover.cpp" />
		<Unit filename="src\C4Network2IO.cpp" />
		<Unit filename="src\C4Network2IRC.cpp" />
		<Unit filename="src\C4Network2Players.cpp" />
		<Unit filename="src\C4Network2Reference.cpp" />
		<Unit filename="src\C4Network2Res.cpp" />
		<Unit filename="src\C4Network2ResDlg.cpp" />
		<Unit filename="src\C4Network2Stats.cpp" />
		<Unit filename="src\C4Object.cpp" />
		<Unit filename="src\C4ObjectCom.cpp" />
		<Unit filename="src\C4ObjectInfo.cpp" />
		<Unit filename="src\C4ObjectInfoList.cpp" />
		<Unit filename="src\C4ObjectList.cpp" />
		<Unit filename="src\C4ObjectListDlg.cpp" />
		<Unit filename="src\C4ObjectMenu.cpp" />
		<Unit filename="src\C4PXS.cpp" />
		<Unit filename="src\C4Packet2.cpp" />
		<Unit filename="src\C4Particles.cpp" />
		<Unit filename="src\C4PathFinder.cpp" />
		<Unit filename="src\C4Player.cpp" />
		<Unit filename="src\C4PlayerInfo.cpp" />
		<Unit filename="src\C4PlayerInfoConflicts.cpp" />
		<Unit filename="src\C4PlayerInfoListBox.cpp" />
		<Unit filename="src\C4PlayerList.cpp" />
		<Unit filename="src\C4PropertyDlg.cpp" />
		<Unit filename="src\C4RTF.CPP" />
		<Unit filename="src\C4Random.cpp" />
		<Unit filename="src\C4RankSystem.cpp" />
		<Unit filename="src\C4Record.cpp" />
		<Unit filename="src\C4Region.cpp" />
		<Unit filename="src\C4RoundResults.cpp" />
		<Unit filename="src\C4Scenario.cpp" />
		<Unit filename="src\C4Scoreboard.cpp" />
		<Unit filename="src\C4Script.cpp" />
		<Unit filename="src\C4ScriptHost.cpp" />
		<Unit filename="src\C4Sector.cpp" />
		<Unit filename="src\C4Shape.cpp" />
		<Unit filename="src\C4Sky.cpp" />
		<Unit filename="src\C4SolidMask.cpp" />
		<Unit filename="src\C4SoundSystem.cpp" />
		<Unit filename="src\C4Startup.cpp" />
		<Unit filename="src\C4StartupAboutDlg.cpp" />
		<Unit filename="src\C4StartupMainDlg.cpp" />
		<Unit filename="src\C4StartupNetDlg.cpp" />
		<Unit filename="src\C4StartupOptionsDlg.cpp" />
		<Unit filename="src\C4StartupPlrSelDlg.cpp" />
		<Unit filename="src\C4StartupScenSelDlg.cpp" />
		<Unit filename="src\C4Stat.cpp" />
		<Unit filename="src\C4StringTable.cpp" />
		<Unit filename="src\C4Surface.cpp" />
		<Unit filename="src\C4SurfaceFile.cpp" />
		<Unit filename="src\C4Teams.cpp" />
		<Unit filename="src\C4Texture.cpp" />
		<Unit filename="src\C4ToolsDlg.cpp" />
		<Unit filename="src\C4TransferZone.cpp" />
		<Unit filename="src\C4UpdateDlg.cpp" />
		<Unit filename="src\C4UpperBoard.cpp" />
		<Unit filename="src\C4Value.cpp" />
		<Unit filename="src\C4ValueList.cpp" />
		<Unit filename="src\C4ValueMap.cpp" />
		<Unit filename="src\C4Video.cpp" />
		<Unit filename="src\C4VideoPlayback.cpp" />
		<Unit filename="src\C4Viewport.cpp" />
		<Unit filename="src\C4Weather.cpp" />
		<Unit filename="src\C4WinMain.cpp" />
		<Unit filename="src\C4Wrappers.cpp" />
		<Extensions>
			<code_completion />
			<debugger />
		</Extensions>
	</Project>
</CodeBlocks_project_file>
